
Microsoft Visual Studio Solution File, Format Version 12.00
# Visual Studio Version 16
VisualStudioVersion = 16.0.29806.167
MinimumVisualStudioVersion = 10.0.40219.1
Project("{FAE04EC0-301F-11D3-BF4B-00C04F79EFBC}") = "DailyNews", "DailyNews\DailyNews.csproj", "{A58AD73F-D9F1-4532-B505-0BD5F341AEE2}"
EndProject
Global
	GlobalSection(SolutionConfigurationPlatforms) = preSolution
		Debug|Any CPU = Debug|Any CPU
		Release|Any CPU = Release|Any CPU
	EndGlobalSection
	GlobalSection(ProjectConfigurationPlatforms) = postSolution
		{A58AD73F-D9F1-4532-B505-0BD5F341AEE2}.Debug|Any CPU.ActiveCfg = Debug|Any CPU
		{A58AD73F-D9F1-4532-B505-0BD5F341AEE2}.Debug|Any CPU.Build.0 = Debug|Any CPU
		{A58AD73F-D9F1-4532-B505-0BD5F341AEE2}.Release|Any CPU.ActiveCfg = Release|Any CPU
		{A58AD73F-D9F1-4532-B505-0BD5F341AEE2}.Release|Any CPU.Build.0 = Release|Any CPU
	EndGlobalSection
	GlobalSection(SolutionProperties) = preSolution
		HideSolutionNode = FALSE
	EndGlobalSection
	GlobalSection(ExtensibilityGlobals) = postSolution
		SolutionGuid = {50251E1F-3FD8-4600-9B32-204B9BFAA857}
	EndGlobalSection
EndGlobal
